
Microsoft Visual Studio Solution File, Format Version 12.00
# Visual Studio 15
VisualStudioVersion = 15.0.28307.1145
MinimumVisualStudioVersion = 10.0.40219.1
Project("{FAE04EC0-301F-11D3-BF4B-00C04F79EFBC}") = "WinformLogin", "WinformLogin\WinformLogin.csproj", "{472D94AF-8E5D-40B1-9693-361B32BBE947}"
EndProject
Global
	GlobalSection(SolutionConfigurationPlatforms) = preSolution
		Debug|Any CPU = Debug|Any CPU
		Release|Any CPU = Release|Any CPU
	EndGlobalSection
	GlobalSection(ProjectConfigurationPlatforms) = postSolution
		{472D94AF-8E5D-40B1-9693-361B32BBE947}.Debug|Any CPU.ActiveCfg = Debug|Any CPU
		{472D94AF-8E5D-40B1-9693-361B32BBE947}.Debug|Any CPU.Build.0 = Debug|Any CPU
		{472D94AF-8E5D-40B1-9693-361B32BBE947}.Release|Any CPU.ActiveCfg = Release|Any CPU
		{472D94AF-8E5D-40B1-9693-361B32BBE947}.Release|Any CPU.Build.0 = Release|Any CPU
	EndGlobalSection
	GlobalSection(SolutionProperties) = preSolution
		HideSolutionNode = FALSE
	EndGlobalSection
	GlobalSection(ExtensibilityGlobals) = postSolution
		SolutionGuid = {475B2070-5361-443C-B99E-C57B983A408F}
	EndGlobalSection
EndGlobal
